// !$*UTF8*$!
{
	archiveVersion = 1;
	classes = {
	};
	objectVersion = 46;
	objects = {

/* Begin PBXBuildFile section */
		632FD9161D1890B800A8D5D1 /* HomeViewController.swift in Sources */ = {isa = PBXBuildFile; fileRef = 632FD9151D1890B800A8D5D1 /* HomeViewController.swift */; };
		632FD9181D189DB300A8D5D1 /* Setup.swift in Sources */ = {isa = PBXBuildFile; fileRef = 632FD9171D189DB300A8D5D1 /* Setup.swift */; };
		63503EBB1D19F06000060E17 /* Post.swift in Sources */ = {isa = PBXBuildFile; fileRef = 63503EBA1D19F06000060E17 /* Post.swift */; };
		63503EBD1D19F09900060E17 /* Extensions.swift in Sources */ = {isa = PBXBuildFile; fileRef = 63503EBC1D19F09900060E17 /* Extensions.swift */; };
		63503EBF1D19F0E100060E17 /* ModelExtensions.swift in Sources */ = {isa = PBXBuildFile; fileRef = 63503EBE1D19F0E100060E17 /* ModelExtensions.swift */; };
		63503EC11D19F11200060E17 /* API.swift in Sources */ = {isa = PBXBuildFile; fileRef = 63503EC01D19F11200060E17 /* API.swift */; };
		63503EC31D19F14C00060E17 /* Filters.swift in Sources */ = {isa = PBXBuildFile; fileRef = 63503EC21D19F14C00060E17 /* Filters.swift */; };
		63DA42971D19ECA40021D194 /* CloudKit.framework in Frameworks */ = {isa = PBXBuildFile; fileRef = 63DA42961D19ECA40021D194 /* CloudKit.framework */; };
		63E44D2C1D187FDB003D56D6 /* AppDelegate.swift in Sources */ = {isa = PBXBuildFile; fileRef = 63E44D2B1D187FDB003D56D6 /* AppDelegate.swift */; };
		63E44D311D187FDB003D56D6 /* Main.storyboard in Resources */ = {isa = PBXBuildFile; fileRef = 63E44D2F1D187FDB003D56D6 /* Main.storyboard */; };
		63E44D331D187FDB003D56D6 /* Assets.xcassets in Resources */ = {isa = PBXBuildFile; fileRef = 63E44D321D187FDB003D56D6 /* Assets.xcassets */; };
		63E44D361D187FDB003D56D6 /* LaunchScreen.storyboard in Resources */ = {isa = PBXBuildFile; fileRef = 63E44D341D187FDB003D56D6 /* LaunchScreen.storyboard */; };
/* End PBXBuildFile section */

/* Begin PBXFileReference section */
		632FD9151D1890B800A8D5D1 /* HomeViewController.swift */ = {isa = PBXFileReference; fileEncoding = 4; lastKnownFileType = sourcecode.swift; path = HomeViewController.swift; sourceTree = "<group>"; };
		632FD9171D189DB300A8D5D1 /* Setup.swift */ = {isa = PBXFileReference; fileEncoding = 4; lastKnownFileType = sourcecode.swift; name = Setup.swift; path = ../Setup.swift; sourceTree = "<group>"; };
		63503EBA1D19F06000060E17 /* Post.swift */ = {isa = PBXFileReference; fileEncoding = 4; lastKnownFileType = sourcecode.swift; path = Post.swift; sourceTree = "<group>"; };
		63503EBC1D19F09900060E17 /* Extensions.swift */ = {isa = PBXFileReference; fileEncoding = 4; lastKnownFileType = sourcecode.swift; path = Extensions.swift; sourceTree = "<group>"; };
		63503EBE1D19F0E100060E17 /* ModelExtensions.swift */ = {isa = PBXFileReference; fileEncoding = 4; lastKnownFileType = sourcecode.swift; path = ModelExtensions.swift; sourceTree = "<group>"; };
		63503EC01D19F11200060E17 /* API.swift */ = {isa = PBXFileReference; fileEncoding = 4; lastKnownFileType = sourcecode.swift; path = API.swift; sourceTree = "<group>"; };
		63503EC21D19F14C00060E17 /* Filters.swift */ = {isa = PBXFileReference; fileEncoding = 4; lastKnownFileType = sourcecode.swift; path = Filters.swift; sourceTree = "<group>"; };
		63DA42951D19EC8D0021D194 /* InstantGraham.entitlements */ = {isa = PBXFileReference; lastKnownFileType = text.xml; path = InstantGraham.entitlements; sourceTree = "<group>"; };
		63DA42961D19ECA40021D194 /* CloudKit.framework */ = {isa = PBXFileReference; lastKnownFileType = wrapper.framework; name = CloudKit.framework; path = System/Library/Frameworks/CloudKit.framework; sourceTree = SDKROOT; };
		63E44D281D187FDB003D56D6 /* InstantGraham.app */ = {isa = PBXFileReference; explicitFileType = wrapper.application; includeInIndex = 0; path = InstantGraham.app; sourceTree = BUILT_PRODUCTS_DIR; };
		63E44D2B1D187FDB003D56D6 /* AppDelegate.swift */ = {isa = PBXFileReference; lastKnownFileType = sourcecode.swift; path = AppDelegate.swift; sourceTree = "<group>"; };
		63E44D301D187FDB003D56D6 /* Base */ = {isa = PBXFileReference; lastKnownFileType = file.storyboard; name = Base; path = Base.lproj/Main.storyboard; sourceTree = "<group>"; };
		63E44D321D187FDB003D56D6 /* Assets.xcassets */ = {isa = PBXFileReference; lastKnownFileType = folder.assetcatalog; path = Assets.xcassets; sourceTree = "<group>"; };
		63E44D351D187FDB003D56D6 /* Base */ = {isa = PBXFileReference; lastKnownFileType = file.storyboard; name = Base; path = Base.lproj/LaunchScreen.storyboard; sourceTree = "<group>"; };
		63E44D371D187FDB003D56D6 /* Info.plist */ = {isa = PBXFileReference; lastKnownFileType = text.plist.xml; path = Info.plist; sourceTree = "<group>"; };
/* End PBXFileReference section */

/* Begin PBXFrameworksBuildPhase section */
		63E44D251D187FDB003D56D6 /* Frameworks */ = {
			isa = PBXFrameworksBuildPhase;
			buildActionMask = 2147483647;
			files = (
				63DA42971D19ECA40021D194 /* CloudKit.framework in Frameworks */,
			);
			runOnlyForDeploymentPostprocessing = 0;
		};
/* End PBXFrameworksBuildPhase section */

/* Begin PBXGroup section */
		632FD9191D189DBD00A8D5D1 /* View */ = {
			isa = PBXGroup;
			children = (
				63E44D321D187FDB003D56D6 /* Assets.xcassets */,
				63E44D341D187FDB003D56D6 /* LaunchScreen.storyboard */,
				63E44D2F1D187FDB003D56D6 /* Main.storyboard */,
			);
			name = View;
			sourceTree = "<group>";
		};
		632FD91B1D189DFF00A8D5D1 /* Controller */ = {
			isa = PBXGroup;
			children = (
				632FD9151D1890B800A8D5D1 /* HomeViewController.swift */,
			);
			name = Controller;
			sourceTree = "<group>";
		};
		632FD91C1D189E4D00A8D5D1 /* App Global */ = {
			isa = PBXGroup;
			children = (
				63E44D2B1D187FDB003D56D6 /* AppDelegate.swift */,
				63E44D371D187FDB003D56D6 /* Info.plist */,
				632FD9171D189DB300A8D5D1 /* Setup.swift */,
				63503EBA1D19F06000060E17 /* Post.swift */,
				63503EBC1D19F09900060E17 /* Extensions.swift */,
				63503EC01D19F11200060E17 /* API.swift */,
				63503EBE1D19F0E100060E17 /* ModelExtensions.swift */,
				63503EC21D19F14C00060E17 /* Filters.swift */,
			);
			name = "App Global";
			sourceTree = "<group>";
		};
		63E44D1F1D187FDA003D56D6 = {
			isa = PBXGroup;
			children = (
				63DA42961D19ECA40021D194 /* CloudKit.framework */,
				63E44D2A1D187FDB003D56D6 /* InstantGraham */,
				63E44D291D187FDB003D56D6 /* Products */,
			);
			sourceTree = "<group>";
		};
		63E44D291D187FDB003D56D6 /* Products */ = {
			isa = PBXGroup;
			children = (
				63E44D281D187FDB003D56D6 /* InstantGraham.app */,
			);
			name = Products;
			sourceTree = "<group>";
		};
		63E44D2A1D187FDB003D56D6 /* InstantGraham */ = {
			isa = PBXGroup;
			children = (
				63DA42951D19EC8D0021D194 /* InstantGraham.entitlements */,
				632FD91B1D189DFF00A8D5D1 /* Controller */,
				632FD9191D189DBD00A8D5D1 /* View */,
				632FD91C1D189E4D00A8D5D1 /* App Global */,
			);
			path = InstantGraham;
			sourceTree = "<group>";
		};
/* End PBXGroup section */

/* Begin PBXNativeTarget section */
		63E44D271D187FDB003D56D6 /* InstantGraham */ = {
			isa = PBXNativeTarget;
			buildConfigurationList = 63E44D3A1D187FDB003D56D6 /* Build configuration list for PBXNativeTarget "InstantGraham" */;
			buildPhases = (
				63E44D241D187FDB003D56D6 /* Sources */,
				63E44D251D187FDB003D56D6 /* Frameworks */,
				63E44D261D187FDB003D56D6 /* Resources */,
			);
			buildRules = (
			);
			dependencies = (
			);
			name = InstantGraham;
			productName = InstantGraham;
			productReference = 63E44D281D187FDB003D56D6 /* InstantGraham.app */;
			productType = "com.apple.product-type.application";
		};
/* End PBXNativeTarget section */

/* Begin PBXProject section */
		63E44D201D187FDA003D56D6 /* Project object */ = {
			isa = PBXProject;
			attributes = {
				LastSwiftUpdateCheck = 0730;
				LastUpgradeCheck = 0730;
				ORGANIZATIONNAME = "David Livingstone";
				TargetAttributes = {
					63E44D271D187FDB003D56D6 = {
						CreatedOnToolsVersion = 7.3.1;
						DevelopmentTeam = Y46ZLX9Z9E;
						SystemCapabilities = {
							com.apple.iCloud = {
								enabled = 1;
							};
						};
					};
				};
			};
			buildConfigurationList = 63E44D231D187FDA003D56D6 /* Build configuration list for PBXProject "InstantGraham" */;
			compatibilityVersion = "Xcode 3.2";
			developmentRegion = English;
			hasScannedForEncodings = 0;
			knownRegions = (
				en,
				Base,
			);
			mainGroup = 63E44D1F1D187FDA003D56D6;
			productRefGroup = 63E44D291D187FDB003D56D6 /* Products */;
			projectDirPath = "";
			projectRoot = "";
			targets = (
				63E44D271D187FDB003D56D6 /* InstantGraham */,
			);
		};
/* End PBXProject section */

/* Begin PBXResourcesBuildPhase section */
		63E44D261D187FDB003D56D6 /* Resources */ = {
			isa = PBXResourcesBuildPhase;
			buildActionMask = 2147483647;
			files = (
				63E44D361D187FDB003D56D6 /* LaunchScreen.storyboard in Resources */,
				63E44D331D187FDB003D56D6 /* Assets.xcassets in Resources */,
				63E44D311D187FDB003D56D6 /* Main.storyboard in Resources */,
			);
			runOnlyForDeploymentPostprocessing = 0;
		};
/* End PBXResourcesBuildPhase section */

/* Begin PBXSourcesBuildPhase section */
		63E44D241D187FDB003D56D6 /* Sources */ = {
			isa = PBXSourcesBuildPhase;
			buildActionMask = 2147483647;
			files = (
				63503EBD1D19F09900060E17 /* Extensions.swift in Sources */,
				63503EC31D19F14C00060E17 /* Filters.swift in Sources */,
				63503EBF1D19F0E100060E17 /* ModelExtensions.swift in Sources */,
				63E44D2C1D187FDB003D56D6 /* AppDelegate.swift in Sources */,
				632FD9181D189DB300A8D5D1 /* Setup.swift in Sources */,
				632FD9161D1890B800A8D5D1 /* HomeViewController.swift in Sources */,
				63503EBB1D19F06000060E17 /* Post.swift in Sources */,
				63503EC11D19F11200060E17 /* API.swift in Sources */,
			);
			runOnlyForDeploymentPostprocessing = 0;
		};
/* End PBXSourcesBuildPhase section */

/* Begin PBXVariantGroup section */
		63E44D2F1D187FDB003D56D6 /* Main.storyboard */ = {
			isa = PBXVariantGroup;
			children = (
				63E44D301D187FDB003D56D6 /* Base */,
			);
			name = Main.storyboard;
			sourceTree = "<group>";
		};
		63E44D341D187FDB003D56D6 /* LaunchScreen.storyboard */ = {
			isa = PBXVariantGroup;
			children = (
				63E44D351D187FDB003D56D6 /* Base */,
			);
			name = LaunchScreen.storyboard;
			sourceTree = "<group>";
		};
/* End PBXVariantGroup section */

/* Begin XCBuildConfiguration section */
		63E44D381D187FDB003D56D6 /* Debug */ = {
			isa = XCBuildConfiguration;
			buildSettings = {
				ALWAYS_SEARCH_USER_PATHS = NO;
				CLANG_ANALYZER_NONNULL = YES;
				CLANG_CXX_LANGUAGE_STANDARD = "gnu++0x";
				CLANG_CXX_LIBRARY = "libc++";
				CLANG_ENABLE_MODULES = YES;
				CLANG_ENABLE_OBJC_ARC = YES;
				CLANG_WARN_BOOL_CONVERSION = YES;
				CLANG_WARN_CONSTANT_CONVERSION = YES;
				CLANG_WARN_DIRECT_OBJC_ISA_USAGE = YES_ERROR;
				CLANG_WARN_EMPTY_BODY = YES;
				CLANG_WARN_ENUM_CONVERSION = YES;
				CLANG_WARN_INT_CONVERSION = YES;
				CLANG_WARN_OBJC_ROOT_CLASS = YES_ERROR;
				CLANG_WARN_UNREACHABLE_CODE = YES;
				CLANG_WARN__DUPLICATE_METHOD_MATCH = YES;
				"CODE_SIGN_IDENTITY[sdk=iphoneos*]" = "iPhone Developer";
				COPY_PHASE_STRIP = NO;
				DEBUG_INFORMATION_FORMAT = dwarf;
				ENABLE_STRICT_OBJC_MSGSEND = YES;
				ENABLE_TESTABILITY = YES;
				GCC_C_LANGUAGE_STANDARD = gnu99;
				GCC_DYNAMIC_NO_PIC = NO;
				GCC_NO_COMMON_BLOCKS = YES;
				GCC_OPTIMIZATION_LEVEL = 0;
				GCC_PREPROCESSOR_DEFINITIONS = (
					"DEBUG=1",
					"$(inherited)",
				);
				GCC_WARN_64_TO_32_BIT_CONVERSION = YES;
				GCC_WARN_ABOUT_RETURN_TYPE = YES_ERROR;
				GCC_WARN_UNDECLARED_SELECTOR = YES;
				GCC_WARN_UNINITIALIZED_AUTOS = YES_AGGRESSIVE;
				GCC_WARN_UNUSED_FUNCTION = YES;
				GCC_WARN_UNUSED_VARIABLE = YES;
				IPHONEOS_DEPLOYMENT_TARGET = 9.3;
				MTL_ENABLE_DEBUG_INFO = YES;
				ONLY_ACTIVE_ARCH = YES;
				SDKROOT = iphoneos;
				SWIFT_OPTIMIZATION_LEVEL = "-Onone";
				TARGETED_DEVICE_FAMILY = "1,2";
			};
			name = Debug;
		};
		63E44D391D187FDB003D56D6 /* Release */ = {
			isa = XCBuildConfiguration;
			buildSettings = {
				ALWAYS_SEARCH_USER_PATHS = NO;
				CLANG_ANALYZER_NONNULL = YES;
				CLANG_CXX_LANGUAGE_STANDARD = "gnu++0x";
				CLANG_CXX_LIBRARY = "libc++";
				CLANG_ENABLE_MODULES = YES;
				CLANG_ENABLE_OBJC_ARC = YES;
				CLANG_WARN_BOOL_CONVERSION = YES;
				CLANG_WARN_CONSTANT_CONVERSION = YES;
				CLANG_WARN_DIRECT_OBJC_ISA_USAGE = YES_ERROR;
				CLANG_WARN_EMPTY_BODY = YES;
				CLANG_WARN_ENUM_CONVERSION = YES;
				CLANG_WARN_INT_CONVERSION = YES;
				CLANG_WARN_OBJC_ROOT_CLASS = YES_ERROR;
				CLANG_WARN_UNREACHABLE_CODE = YES;
				CLANG_WARN__DUPLICATE_METHOD_MATCH = YES;
				"CODE_SIGN_IDENTITY[sdk=iphoneos*]" = "iPhone Developer";
				COPY_PHASE_STRIP = NO;
				DEBUG_INFORMATION_FORMAT = "dwarf-with-dsym";
				ENABLE_NS_ASSERTIONS = NO;
				ENABLE_STRICT_OBJC_MSGSEND = YES;
				GCC_C_LANGUAGE_STANDARD = gnu99;
				GCC_NO_COMMON_BLOCKS = YES;
				GCC_WARN_64_TO_32_BIT_CONVERSION = YES;
				GCC_WARN_ABOUT_RETURN_TYPE = YES_ERROR;
				GCC_WARN_UNDECLARED_SELECTOR = YES;
				GCC_WARN_UNINITIALIZED_AUTOS = YES_AGGRESSIVE;
				GCC_WARN_UNUSED_FUNCTION = YES;
				GCC_WARN_UNUSED_VARIABLE = YES;
				IPHONEOS_DEPLOYMENT_TARGET = 9.3;
				MTL_ENABLE_DEBUG_INFO = NO;
				SDKROOT = iphoneos;
				TARGETED_DEVICE_FAMILY = "1,2";
				VALIDATE_PRODUCT = YES;
			};
			name = Release;
		};
		63E44D3B1D187FDB003D56D6 /* Debug */ = {
			isa = XCBuildConfiguration;
			buildSettings = {
				ASSETCATALOG_COMPILER_APPICON_NAME = AppIcon;
				CODE_SIGN_ENTITLEMENTS = InstantGraham/InstantGraham.entitlements;
				CODE_SIGN_IDENTITY = "iPhone Developer";
				INFOPLIST_FILE = InstantGraham/Info.plist;
				LD_RUNPATH_SEARCH_PATHS = "$(inherited) @executable_path/Frameworks";
				PRODUCT_BUNDLE_IDENTIFIER = tl.david.InstantGraham2;
				PRODUCT_NAME = "$(TARGET_NAME)";
			};
			name = Debug;
		};
		63E44D3C1D187FDB003D56D6 /* Release */ = {
			isa = XCBuildConfiguration;
			buildSettings = {
				ASSETCATALOG_COMPILER_APPICON_NAME = AppIcon;
				CODE_SIGN_ENTITLEMENTS = InstantGraham/InstantGraham.entitlements;
				CODE_SIGN_IDENTITY = "iPhone Developer";
				INFOPLIST_FILE = InstantGraham/Info.plist;
				LD_RUNPATH_SEARCH_PATHS = "$(inherited) @executable_path/Frameworks";
				PRODUCT_BUNDLE_IDENTIFIER = tl.david.InstantGraham2;
				PRODUCT_NAME = "$(TARGET_NAME)";
			};
			name = Release;
		};
/* End XCBuildConfiguration section */

/* Begin XCConfigurationList section */
		63E44D231D187FDA003D56D6 /* Build configuration list for PBXProject "InstantGraham" */ = {
			isa = XCConfigurationList;
			buildConfigurations = (
				63E44D381D187FDB003D56D6 /* Debug */,
				63E44D391D187FDB003D56D6 /* Release */,
			);
			defaultConfigurationIsVisible = 0;
			defaultConfigurationName = Release;
		};
		63E44D3A1D187FDB003D56D6 /* Build configuration list for PBXNativeTarget "InstantGraham" */ = {
			isa = XCConfigurationList;
			buildConfigurations = (
				63E44D3B1D187FDB003D56D6 /* Debug */,
				63E44D3C1D187FDB003D56D6 /* Release */,
			);
			defaultConfigurationIsVisible = 0;
			defaultConfigurationName = Release;
		};
/* End XCConfigurationList section */
	};
	rootObject = 63E44D201D187FDA003D56D6 /* Project object */;
}
